
Microsoft Visual Studio Solution File, Format Version 12.00
# Visual Studio Version 16
VisualStudioVersion = 16.0.30225.117
MinimumVisualStudioVersion = 10.0.40219.1
Project("{FAE04EC0-301F-11D3-BF4B-00C04F79EFBC}") = "SinoWPF", "SinoWPF\SinoWPF.csproj", "{A6C44786-CD2A-4000-9BC7-157B51501CD3}"
EndProject
Global
	GlobalSection(SolutionConfigurationPlatforms) = preSolution
		Debug|Any CPU = Debug|Any CPU
		Release|Any CPU = Release|Any CPU
	EndGlobalSection
	GlobalSection(ProjectConfigurationPlatforms) = postSolution
		{A6C44786-CD2A-4000-9BC7-157B51501CD3}.Debug|Any CPU.ActiveCfg = Debug|Any CPU
		{A6C44786-CD2A-4000-9BC7-157B51501CD3}.Debug|Any CPU.Build.0 = Debug|Any CPU
		{A6C44786-CD2A-4000-9BC7-157B51501CD3}.Release|Any CPU.ActiveCfg = Release|Any CPU
		{A6C44786-CD2A-4000-9BC7-157B51501CD3}.Release|Any CPU.Build.0 = Release|Any CPU
	EndGlobalSection
	GlobalSection(SolutionProperties) = preSolution
		HideSolutionNode = FALSE
	EndGlobalSection
	GlobalSection(ExtensibilityGlobals) = postSolution
		SolutionGuid = {A8009C9C-78C8-4B67-B060-601F401B912E}
	EndGlobalSection
EndGlobal
